// !$*UTF8*$!
{
	archiveVersion = 1;
	classes = {
	};
	objectVersion = 50;
	objects = {

/* Begin PBXBuildFile section */
		046BD59C23E59BF3005AD7E7 /* AppDelegate.swift in Sources */ = {isa = PBXBuildFile; fileRef = 046BD59B23E59BF3005AD7E7 /* AppDelegate.swift */; };
		046BD59E23E59BF3005AD7E7 /* SceneDelegate.swift in Sources */ = {isa = PBXBuildFile; fileRef = 046BD59D23E59BF3005AD7E7 /* SceneDelegate.swift */; };
		046BD5A323E59BF3005AD7E7 /* Main.storyboard in Resources */ = {isa = PBXBuildFile; fileRef = 046BD5A123E59BF3005AD7E7 /* Main.storyboard */; };
		046BD5A623E59BF3005AD7E7 /* test5.xcdatamodeld in Sources */ = {isa = PBXBuildFile; fileRef = 046BD5A423E59BF3005AD7E7 /* test5.xcdatamodeld */; };
		046BD5A823E59BF5005AD7E7 /* Assets.xcassets in Resources */ = {isa = PBXBuildFile; fileRef = 046BD5A723E59BF5005AD7E7 /* Assets.xcassets */; };
		046BD5AB23E59BF5005AD7E7 /* LaunchScreen.storyboard in Resources */ = {isa = PBXBuildFile; fileRef = 046BD5A923E59BF5005AD7E7 /* LaunchScreen.storyboard */; };
		046BD5B423E5A9B8005AD7E7 /* Model.swift in Sources */ = {isa = PBXBuildFile; fileRef = 046BD5B323E5A9B8005AD7E7 /* Model.swift */; };
		046BD5BC23E5C4F1005AD7E7 /* MemoListTableViewController.swift in Sources */ = {isa = PBXBuildFile; fileRef = 046BD5BB23E5C4F1005AD7E7 /* MemoListTableViewController.swift */; };
/* End PBXBuildFile section */

/* Begin PBXFileReference section */
		046BD59823E59BF3005AD7E7 /* test5.app */ = {isa = PBXFileReference; explicitFileType = wrapper.application; includeInIndex = 0; path = test5.app; sourceTree = BUILT_PRODUCTS_DIR; };
		046BD59B23E59BF3005AD7E7 /* AppDelegate.swift */ = {isa = PBXFileReference; lastKnownFileType = sourcecode.swift; path = AppDelegate.swift; sourceTree = "<group>"; };
		046BD59D23E59BF3005AD7E7 /* SceneDelegate.swift */ = {isa = PBXFileReference; lastKnownFileType = sourcecode.swift; path = SceneDelegate.swift; sourceTree = "<group>"; };
		046BD5A223E59BF3005AD7E7 /* Base */ = {isa = PBXFileReference; lastKnownFileType = file.storyboard; name = Base; path = Base.lproj/Main.storyboard; sourceTree = "<group>"; };
		046BD5A523E59BF3005AD7E7 /* test5.xcdatamodel */ = {isa = PBXFileReference; lastKnownFileType = wrapper.xcdatamodel; path = test5.xcdatamodel; sourceTree = "<group>"; };
		046BD5A723E59BF5005AD7E7 /* Assets.xcassets */ = {isa = PBXFileReference; lastKnownFileType = folder.assetcatalog; path = Assets.xcassets; sourceTree = "<group>"; };
		046BD5AA23E59BF5005AD7E7 /* Base */ = {isa = PBXFileReference; lastKnownFileType = file.storyboard; name = Base; path = Base.lproj/LaunchScreen.storyboard; sourceTree = "<group>"; };
		046BD5AC23E59BF5005AD7E7 /* Info.plist */ = {isa = PBXFileReference; lastKnownFileType = text.plist.xml; path = Info.plist; sourceTree = "<group>"; };
		046BD5B323E5A9B8005AD7E7 /* Model.swift */ = {isa = PBXFileReference; lastKnownFileType = sourcecode.swift; path = Model.swift; sourceTree = "<group>"; };
		046BD5BB23E5C4F1005AD7E7 /* MemoListTableViewController.swift */ = {isa = PBXFileReference; lastKnownFileType = sourcecode.swift; path = MemoListTableViewController.swift; sourceTree = "<group>"; };
/* End PBXFileReference section */

/* Begin PBXFrameworksBuildPhase section */
		046BD59523E59BF3005AD7E7 /* Frameworks */ = {
			isa = PBXFrameworksBuildPhase;
			buildActionMask = 2147483647;
			files = (
			);
			runOnlyForDeploymentPostprocessing = 0;
		};
/* End PBXFrameworksBuildPhase section */

/* Begin PBXGroup section */
		046BD58F23E59BF3005AD7E7 = {
			isa = PBXGroup;
			children = (
				046BD59A23E59BF3005AD7E7 /* test5 */,
				046BD59923E59BF3005AD7E7 /* Products */,
			);
			sourceTree = "<group>";
		};
		046BD59923E59BF3005AD7E7 /* Products */ = {
			isa = PBXGroup;
			children = (
				046BD59823E59BF3005AD7E7 /* test5.app */,
			);
			name = Products;
			sourceTree = "<group>";
		};
		046BD59A23E59BF3005AD7E7 /* test5 */ = {
			isa = PBXGroup;
			children = (
				046BD5B223E5A99E005AD7E7 /* Model */,
				046BD59B23E59BF3005AD7E7 /* AppDelegate.swift */,
				046BD59D23E59BF3005AD7E7 /* SceneDelegate.swift */,
				046BD5A123E59BF3005AD7E7 /* Main.storyboard */,
				046BD5A723E59BF5005AD7E7 /* Assets.xcassets */,
				046BD5A923E59BF5005AD7E7 /* LaunchScreen.storyboard */,
				046BD5AC23E59BF5005AD7E7 /* Info.plist */,
				046BD5A423E59BF3005AD7E7 /* test5.xcdatamodeld */,
				046BD5BB23E5C4F1005AD7E7 /* MemoListTableViewController.swift */,
			);
			path = test5;
			sourceTree = "<group>";
		};
		046BD5B223E5A99E005AD7E7 /* Model */ = {
			isa = PBXGroup;
			children = (
				046BD5B323E5A9B8005AD7E7 /* Model.swift */,
			);
			path = Model;
			sourceTree = "<group>";
		};
/* End PBXGroup section */

/* Begin PBXNativeTarget section */
		046BD59723E59BF3005AD7E7 /* test5 */ = {
			isa = PBXNativeTarget;
			buildConfigurationList = 046BD5AF23E59BF5005AD7E7 /* Build configuration list for PBXNativeTarget "test5" */;
			buildPhases = (
				046BD59423E59BF3005AD7E7 /* Sources */,
				046BD59523E59BF3005AD7E7 /* Frameworks */,
				046BD59623E59BF3005AD7E7 /* Resources */,
			);
			buildRules = (
			);
			dependencies = (
			);
			name = test5;
			productName = test5;
			productReference = 046BD59823E59BF3005AD7E7 /* test5.app */;
			productType = "com.apple.product-type.application";
		};
/* End PBXNativeTarget section */

/* Begin PBXProject section */
		046BD59023E59BF3005AD7E7 /* Project object */ = {
			isa = PBXProject;
			attributes = {
				LastSwiftUpdateCheck = 1130;
				LastUpgradeCheck = 1130;
				ORGANIZATIONNAME = Youngun;
				TargetAttributes = {
					046BD59723E59BF3005AD7E7 = {
						CreatedOnToolsVersion = 11.3.1;
					};
				};
			};
			buildConfigurationList = 046BD59323E59BF3005AD7E7 /* Build configuration list for PBXProject "test5" */;
			compatibilityVersion = "Xcode 9.3";
			developmentRegion = en;
			hasScannedForEncodings = 0;
			knownRegions = (
				en,
				Base,
			);
			mainGroup = 046BD58F23E59BF3005AD7E7;
			productRefGroup = 046BD59923E59BF3005AD7E7 /* Products */;
			projectDirPath = "";
			projectRoot = "";
			targets = (
				046BD59723E59BF3005AD7E7 /* test5 */,
			);
		};
/* End PBXProject section */

/* Begin PBXResourcesBuildPhase section */
		046BD59623E59BF3005AD7E7 /* Resources */ = {
			isa = PBXResourcesBuildPhase;
			buildActionMask = 2147483647;
			files = (
				046BD5AB23E59BF5005AD7E7 /* LaunchScreen.storyboard in Resources */,
				046BD5A823E59BF5005AD7E7 /* Assets.xcassets in Resources */,
				046BD5A323E59BF3005AD7E7 /* Main.storyboard in Resources */,
			);
			runOnlyForDeploymentPostprocessing = 0;
		};
/* End PBXResourcesBuildPhase section */

/* Begin PBXSourcesBuildPhase section */
		046BD59423E59BF3005AD7E7 /* Sources */ = {
			isa = PBXSourcesBuildPhase;
			buildActionMask = 2147483647;
			files = (
				046BD59C23E59BF3005AD7E7 /* AppDelegate.swift in Sources */,
				046BD59E23E59BF3005AD7E7 /* SceneDelegate.swift in Sources */,
				046BD5BC23E5C4F1005AD7E7 /* MemoListTableViewController.swift in Sources */,
				046BD5A623E59BF3005AD7E7 /* test5.xcdatamodeld in Sources */,
				046BD5B423E5A9B8005AD7E7 /* Model.swift in Sources */,
			);
			runOnlyForDeploymentPostprocessing = 0;
		};
/* End PBXSourcesBuildPhase section */

/* Begin PBXVariantGroup section */
		046BD5A123E59BF3005AD7E7 /* Main.storyboard */ = {
			isa = PBXVariantGroup;
			children = (
				046BD5A223E59BF3005AD7E7 /* Base */,
			);
			name = Main.storyboard;
			sourceTree = "<group>";
		};
		046BD5A923E59BF5005AD7E7 /* LaunchScreen.storyboard */ = {
			isa = PBXVariantGroup;
			children = (
				046BD5AA23E59BF5005AD7E7 /* Base */,
			);
			name = LaunchScreen.storyboard;
			sourceTree = "<group>";
		};
/* End PBXVariantGroup section */

/* Begin XCBuildConfiguration section */
		046BD5AD23E59BF5005AD7E7 /* Debug */ = {
			isa = XCBuildConfiguration;
			buildSettings = {
				ALWAYS_SEARCH_USER_PATHS = NO;
				CLANG_ANALYZER_NONNULL = YES;
				CLANG_ANALYZER_NUMBER_OBJECT_CONVERSION = YES_AGGRESSIVE;
				CLANG_CXX_LANGUAGE_STANDARD = "gnu++14";
				CLANG_CXX_LIBRARY = "libc++";
				CLANG_ENABLE_MODULES = YES;
				CLANG_ENABLE_OBJC_ARC = YES;
				CLANG_ENABLE_OBJC_WEAK = YES;
				CLANG_WARN_BLOCK_CAPTURE_AUTORELEASING = YES;
				CLANG_WARN_BOOL_CONVERSION = YES;
				CLANG_WARN_COMMA = YES;
				CLANG_WARN_CONSTANT_CONVERSION = YES;
				CLANG_WARN_DEPRECATED_OBJC_IMPLEMENTATIONS = YES;
				CLANG_WARN_DIRECT_OBJC_ISA_USAGE = YES_ERROR;
				CLANG_WARN_DOCUMENTATION_COMMENTS = YES;
				CLANG_WARN_EMPTY_BODY = YES;
				CLANG_WARN_ENUM_CONVERSION = YES;
				CLANG_WARN_INFINITE_RECURSION = YES;
				CLANG_WARN_INT_CONVERSION = YES;
				CLANG_WARN_NON_LITERAL_NULL_CONVERSION = YES;
				CLANG_WARN_OBJC_IMPLICIT_RETAIN_SELF = YES;
				CLANG_WARN_OBJC_LITERAL_CONVERSION = YES;
				CLANG_WARN_OBJC_ROOT_CLASS = YES_ERROR;
				CLANG_WARN_RANGE_LOOP_ANALYSIS = YES;
				CLANG_WARN_STRICT_PROTOTYPES = YES;
				CLANG_WARN_SUSPICIOUS_MOVE = YES;
				CLANG_WARN_UNGUARDED_AVAILABILITY = YES_AGGRESSIVE;
				CLANG_WARN_UNREACHABLE_CODE = YES;
				CLANG_WARN__DUPLICATE_METHOD_MATCH = YES;
				COPY_PHASE_STRIP = NO;
				DEBUG_INFORMATION_FORMAT = dwarf;
				ENABLE_STRICT_OBJC_MSGSEND = YES;
				ENABLE_TESTABILITY = YES;
				GCC_C_LANGUAGE_STANDARD = gnu11;
				GCC_DYNAMIC_NO_PIC = NO;
				GCC_NO_COMMON_BLOCKS = YES;
				GCC_OPTIMIZATION_LEVEL = 0;
				GCC_PREPROCESSOR_DEFINITIONS = (
					"DEBUG=1",
					"$(inherited)",
				);
				GCC_WARN_64_TO_32_BIT_CONVERSION = YES;
				GCC_WARN_ABOUT_RETURN_TYPE = YES_ERROR;
				GCC_WARN_UNDECLARED_SELECTOR = YES;
				GCC_WARN_UNINITIALIZED_AUTOS = YES_AGGRESSIVE;
				GCC_WARN_UNUSED_FUNCTION = YES;
				GCC_WARN_UNUSED_VARIABLE = YES;
				IPHONEOS_DEPLOYMENT_TARGET = 13.2;
				MTL_ENABLE_DEBUG_INFO = INCLUDE_SOURCE;
				MTL_FAST_MATH = YES;
				ONLY_ACTIVE_ARCH = YES;
				SDKROOT = iphoneos;
				SWIFT_ACTIVE_COMPILATION_CONDITIONS = DEBUG;
				SWIFT_OPTIMIZATION_LEVEL = "-Onone";
			};
			name = Debug;
		};
		046BD5AE23E59BF5005AD7E7 /* Release */ = {
			isa = XCBuildConfiguration;
			buildSettings = {
				ALWAYS_SEARCH_USER_PATHS = NO;
				CLANG_ANALYZER_NONNULL = YES;
				CLANG_ANALYZER_NUMBER_OBJECT_CONVERSION = YES_AGGRESSIVE;
				CLANG_CXX_LANGUAGE_STANDARD = "gnu++14";
				CLANG_CXX_LIBRARY = "libc++";
				CLANG_ENABLE_MODULES = YES;
				CLANG_ENABLE_OBJC_ARC = YES;
				CLANG_ENABLE_OBJC_WEAK = YES;
				CLANG_WARN_BLOCK_CAPTURE_AUTORELEASING = YES;
				CLANG_WARN_BOOL_CONVERSION = YES;
				CLANG_WARN_COMMA = YES;
				CLANG_WARN_CONSTANT_CONVERSION = YES;
				CLANG_WARN_DEPRECATED_OBJC_IMPLEMENTATIONS = YES;
				CLANG_WARN_DIRECT_OBJC_ISA_USAGE = YES_ERROR;
				CLANG_WARN_DOCUMENTATION_COMMENTS = YES;
				CLANG_WARN_EMPTY_BODY = YES;
				CLANG_WARN_ENUM_CONVERSION = YES;
				CLANG_WARN_INFINITE_RECURSION = YES;
				CLANG_WARN_INT_CONVERSION = YES;
				CLANG_WARN_NON_LITERAL_NULL_CONVERSION = YES;
				CLANG_WARN_OBJC_IMPLICIT_RETAIN_SELF = YES;
				CLANG_WARN_OBJC_LITERAL_CONVERSION = YES;
				CLANG_WARN_OBJC_ROOT_CLASS = YES_ERROR;
				CLANG_WARN_RANGE_LOOP_ANALYSIS = YES;
				CLANG_WARN_STRICT_PROTOTYPES = YES;
				CLANG_WARN_SUSPICIOUS_MOVE = YES;
				CLANG_WARN_UNGUARDED_AVAILABILITY = YES_AGGRESSIVE;
				CLANG_WARN_UNREACHABLE_CODE = YES;
				CLANG_WARN__DUPLICATE_METHOD_MATCH = YES;
				COPY_PHASE_STRIP = NO;
				DEBUG_INFORMATION_FORMAT = "dwarf-with-dsym";
				ENABLE_NS_ASSERTIONS = NO;
				ENABLE_STRICT_OBJC_MSGSEND = YES;
				GCC_C_LANGUAGE_STANDARD = gnu11;
				GCC_NO_COMMON_BLOCKS = YES;
				GCC_WARN_64_TO_32_BIT_CONVERSION = YES;
				GCC_WARN_ABOUT_RETURN_TYPE = YES_ERROR;
				GCC_WARN_UNDECLARED_SELECTOR = YES;
				GCC_WARN_UNINITIALIZED_AUTOS = YES_AGGRESSIVE;
				GCC_WARN_UNUSED_FUNCTION = YES;
				GCC_WARN_UNUSED_VARIABLE = YES;
				IPHONEOS_DEPLOYMENT_TARGET = 13.2;
				MTL_ENABLE_DEBUG_INFO = NO;
				MTL_FAST_MATH = YES;
				SDKROOT = iphoneos;
				SWIFT_COMPILATION_MODE = wholemodule;
				SWIFT_OPTIMIZATION_LEVEL = "-O";
				VALIDATE_PRODUCT = YES;
			};
			name = Release;
		};
		046BD5B023E59BF5005AD7E7 /* Debug */ = {
			isa = XCBuildConfiguration;
			buildSettings = {
				ASSETCATALOG_COMPILER_APPICON_NAME = AppIcon;
				CODE_SIGN_STYLE = Automatic;
				INFOPLIST_FILE = test5/Info.plist;
				IPHONEOS_DEPLOYMENT_TARGET = 11.0;
				LD_RUNPATH_SEARCH_PATHS = (
					"$(inherited)",
					"@executable_path/Frameworks",
				);
				PRODUCT_BUNDLE_IDENTIFIER = esang.test5;
				PRODUCT_NAME = "$(TARGET_NAME)";
				SWIFT_VERSION = 5.0;
				TARGETED_DEVICE_FAMILY = "1,2";
			};
			name = Debug;
		};
		046BD5B123E59BF5005AD7E7 /* Release */ = {
			isa = XCBuildConfiguration;
			buildSettings = {
				ASSETCATALOG_COMPILER_APPICON_NAME = AppIcon;
				CODE_SIGN_STYLE = Automatic;
				INFOPLIST_FILE = test5/Info.plist;
				IPHONEOS_DEPLOYMENT_TARGET = 11.0;
				LD_RUNPATH_SEARCH_PATHS = (
					"$(inherited)",
					"@executable_path/Frameworks",
				);
				PRODUCT_BUNDLE_IDENTIFIER = esang.test5;
				PRODUCT_NAME = "$(TARGET_NAME)";
				SWIFT_VERSION = 5.0;
				TARGETED_DEVICE_FAMILY = "1,2";
			};
			name = Release;
		};
/* End XCBuildConfiguration section */

/* Begin XCConfigurationList section */
		046BD59323E59BF3005AD7E7 /* Build configuration list for PBXProject "test5" */ = {
			isa = XCConfigurationList;
			buildConfigurations = (
				046BD5AD23E59BF5005AD7E7 /* Debug */,
				046BD5AE23E59BF5005AD7E7 /* Release */,
			);
			defaultConfigurationIsVisible = 0;
			defaultConfigurationName = Release;
		};
		046BD5AF23E59BF5005AD7E7 /* Build configuration list for PBXNativeTarget "test5" */ = {
			isa = XCConfigurationList;
			buildConfigurations = (
				046BD5B023E59BF5005AD7E7 /* Debug */,
				046BD5B123E59BF5005AD7E7 /* Release */,
			);
			defaultConfigurationIsVisible = 0;
			defaultConfigurationName = Release;
		};
/* End XCConfigurationList section */

/* Begin XCVersionGroup section */
		046BD5A423E59BF3005AD7E7 /* test5.xcdatamodeld */ = {
			isa = XCVersionGroup;
			children = (
				046BD5A523E59BF3005AD7E7 /* test5.xcdatamodel */,
			);
			currentVersion = 046BD5A523E59BF3005AD7E7 /* test5.xcdatamodel */;
			path = test5.xcdatamodeld;
			sourceTree = "<group>";
			versionGroupType = wrapper.xcdatamodel;
		};
/* End XCVersionGroup section */
	};
	rootObject = 046BD59023E59BF3005AD7E7 /* Project object */;
}
